{
  "name": "codex-sdk-bridge",
  "version": "0.0.0",
  "lockfileVersion": 3,
  "requires": true,
  "packages": {
    "": {
      "name": "codex-sdk-bridge",
      "version": "0.0.0",
      "dependencies": {
        "@openai/codex-sdk": "^0.80.0"
      },
      "engines": {
        "node": ">=18"
      }
    },
    "node_modules/@openai/codex-sdk": {
      "version": "0.80.0",
      "resolved": "https://registry.npmjs.org/@openai/codex-sdk/-/codex-sdk-0.80.0.tgz",
      "integrity": "sha512-4+/bZOSjJAPsuM6yceQoVbNUK7UTS03QMKxCrFClObxD1j6n5oh7OSJniyff2MmF0DI7yHnf9omzfFL7RoLWnQ==",
      "license": "Apache-2.0",
      "engines": {
        "node": ">=18"
      }
    }
  }
}
